
Microsoft Visual Studio Solution File, Format Version 12.00
# Visual Studio 15
VisualStudioVersion = 15.0.28010.2026
MinimumVisualStudioVersion = 10.0.40219.1
Project("{2150E333-8FDC-42A3-9474-1A3956D46DE8}") = "Data", "Data", "{08A45AA6-66DB-4C7E-8429-CDCD66569EE9}"
EndProject
Project("{2150E333-8FDC-42A3-9474-1A3956D46DE8}") = "Domain", "Domain", "{ED69605B-43E5-4E50-824D-3FB340DC57A6}"
EndProject
Project("{2150E333-8FDC-42A3-9474-1A3956D46DE8}") = "Presentation", "Presentation", "{C6981D2C-AB2E-43CF-B461-4554A643DE51}"
EndProject
Project("{FAE04EC0-301F-11D3-BF4B-00C04F79EFBC}") = "Cinema.Domain.Models", "Cinema.Domain.Models\Cinema.Domain.Models.csproj", "{748DBF58-B08D-4A69-B7A0-C4D7D2BA83C3}"
EndProject
Global
	GlobalSection(SolutionConfigurationPlatforms) = preSolution
		Debug|Any CPU = Debug|Any CPU
		Release|Any CPU = Release|Any CPU
	EndGlobalSection
	GlobalSection(ProjectConfigurationPlatforms) = postSolution
		{748DBF58-B08D-4A69-B7A0-C4D7D2BA83C3}.Debug|Any CPU.ActiveCfg = Debug|Any CPU
		{748DBF58-B08D-4A69-B7A0-C4D7D2BA83C3}.Debug|Any CPU.Build.0 = Debug|Any CPU
		{748DBF58-B08D-4A69-B7A0-C4D7D2BA83C3}.Release|Any CPU.ActiveCfg = Release|Any CPU
		{748DBF58-B08D-4A69-B7A0-C4D7D2BA83C3}.Release|Any CPU.Build.0 = Release|Any CPU
	EndGlobalSection
	GlobalSection(SolutionProperties) = preSolution
		HideSolutionNode = FALSE
	EndGlobalSection
	GlobalSection(NestedProjects) = preSolution
		{748DBF58-B08D-4A69-B7A0-C4D7D2BA83C3} = {ED69605B-43E5-4E50-824D-3FB340DC57A6}
	EndGlobalSection
	GlobalSection(ExtensibilityGlobals) = postSolution
		SolutionGuid = {F5551FD3-89E2-4E33-9F7C-5710977F575B}
	EndGlobalSection
EndGlobal
